
Microsoft Visual Studio Solution File, Format Version 12.00
# Visual Studio Version 16
VisualStudioVersion = 16.0.31729.503
MinimumVisualStudioVersion = 10.0.40219.1
Project("{FAE04EC0-301F-11D3-BF4B-00C04F79EFBC}") = "WhackABug", "WhackABug.csproj", "{79B1D5FB-35C4-4577-8865-76313B53F0BA}"
EndProject
Global
	GlobalSection(SolutionConfigurationPlatforms) = preSolution
		Debug|Any CPU = Debug|Any CPU
		Release|Any CPU = Release|Any CPU
	EndGlobalSection
	GlobalSection(ProjectConfigurationPlatforms) = postSolution
		{79B1D5FB-35C4-4577-8865-76313B53F0BA}.Debug|Any CPU.ActiveCfg = Debug|Any CPU
		{79B1D5FB-35C4-4577-8865-76313B53F0BA}.Debug|Any CPU.Build.0 = Debug|Any CPU
		{79B1D5FB-35C4-4577-8865-76313B53F0BA}.Release|Any CPU.ActiveCfg = Release|Any CPU
		{79B1D5FB-35C4-4577-8865-76313B53F0BA}.Release|Any CPU.Build.0 = Release|Any CPU
	EndGlobalSection
	GlobalSection(SolutionProperties) = preSolution
		HideSolutionNode = FALSE
	EndGlobalSection
	GlobalSection(ExtensibilityGlobals) = postSolution
		SolutionGuid = {3CE0B395-10EE-487F-8BEC-09E457D036C3}
	EndGlobalSection
EndGlobal
